// !$*UTF8*$!
{
	archiveVersion = 1;
	classes = {
	};
	objectVersion = 56;
	objects = {

/* Begin PBXBuildFile section */
		A168392E2B650218009A916D /* AppDelegate.swift in Sources */ = {isa = PBXBuildFile; fileRef = A168392D2B650218009A916D /* AppDelegate.swift */; };
		A16839302B650218009A916D /* SceneDelegate.swift in Sources */ = {isa = PBXBuildFile; fileRef = A168392F2B650218009A916D /* SceneDelegate.swift */; };
		A16839382B650218009A916D /* E_CommerceApp.xcdatamodeld in Sources */ = {isa = PBXBuildFile; fileRef = A16839362B650218009A916D /* E_CommerceApp.xcdatamodeld */; };
		A168393A2B65021A009A916D /* Assets.xcassets in Resources */ = {isa = PBXBuildFile; fileRef = A16839392B65021A009A916D /* Assets.xcassets */; };
		A168393D2B65021A009A916D /* LaunchScreen.storyboard in Resources */ = {isa = PBXBuildFile; fileRef = A168393B2B65021A009A916D /* LaunchScreen.storyboard */; };
		A16839482B6502F4009A916D /* ShopController.swift in Sources */ = {isa = PBXBuildFile; fileRef = A16839472B6502F4009A916D /* ShopController.swift */; };
		A16839502B6559EB009A916D /* CustomTableViewCell.swift in Sources */ = {isa = PBXBuildFile; fileRef = A168394F2B6559EB009A916D /* CustomTableViewCell.swift */; };
		A16839532B655A60009A916D /* SnapKit in Frameworks */ = {isa = PBXBuildFile; productRef = A16839522B655A60009A916D /* SnapKit */; };
		A16839562B655AA2009A916D /* UIColor.swift in Sources */ = {isa = PBXBuildFile; fileRef = A16839552B655AA2009A916D /* UIColor.swift */; };
		A16839582B655D77009A916D /* CategoryList.swift in Sources */ = {isa = PBXBuildFile; fileRef = A16839572B655D77009A916D /* CategoryList.swift */; };
		A16839602B678A18009A916D /* MakerView.swift in Sources */ = {isa = PBXBuildFile; fileRef = A168395F2B678A18009A916D /* MakerView.swift */; };
		A16839662B682442009A916D /* DetailsViewController.swift in Sources */ = {isa = PBXBuildFile; fileRef = A16839652B682442009A916D /* DetailsViewController.swift */; };
/* End PBXBuildFile section */

/* Begin PBXFileReference section */
		A168392A2B650218009A916D /* E-CommerceApp.app */ = {isa = PBXFileReference; explicitFileType = wrapper.application; includeInIndex = 0; path = "E-CommerceApp.app"; sourceTree = BUILT_PRODUCTS_DIR; };
		A168392D2B650218009A916D /* AppDelegate.swift */ = {isa = PBXFileReference; lastKnownFileType = sourcecode.swift; path = AppDelegate.swift; sourceTree = "<group>"; };
		A168392F2B650218009A916D /* SceneDelegate.swift */ = {isa = PBXFileReference; lastKnownFileType = sourcecode.swift; path = SceneDelegate.swift; sourceTree = "<group>"; };
		A16839372B650218009A916D /* E_CommerceApp.xcdatamodel */ = {isa = PBXFileReference; lastKnownFileType = wrapper.xcdatamodel; path = E_CommerceApp.xcdatamodel; sourceTree = "<group>"; };
		A16839392B65021A009A916D /* Assets.xcassets */ = {isa = PBXFileReference; lastKnownFileType = folder.assetcatalog; path = Assets.xcassets; sourceTree = "<group>"; };
		A168393C2B65021A009A916D /* Base */ = {isa = PBXFileReference; lastKnownFileType = file.storyboard; name = Base; path = Base.lproj/LaunchScreen.storyboard; sourceTree = "<group>"; };
		A168393E2B65021A009A916D /* Info.plist */ = {isa = PBXFileReference; lastKnownFileType = text.plist.xml; path = Info.plist; sourceTree = "<group>"; };
		A16839472B6502F4009A916D /* ShopController.swift */ = {isa = PBXFileReference; lastKnownFileType = sourcecode.swift; path = ShopController.swift; sourceTree = "<group>"; };
		A168394F2B6559EB009A916D /* CustomTableViewCell.swift */ = {isa = PBXFileReference; lastKnownFileType = sourcecode.swift; path = CustomTableViewCell.swift; sourceTree = "<group>"; };
		A16839552B655AA2009A916D /* UIColor.swift */ = {isa = PBXFileReference; lastKnownFileType = sourcecode.swift; path = UIColor.swift; sourceTree = "<group>"; };
		A16839572B655D77009A916D /* CategoryList.swift */ = {isa = PBXFileReference; lastKnownFileType = sourcecode.swift; path = CategoryList.swift; sourceTree = "<group>"; };
		A168395F2B678A18009A916D /* MakerView.swift */ = {isa = PBXFileReference; lastKnownFileType = sourcecode.swift; path = MakerView.swift; sourceTree = "<group>"; };
		A16839652B682442009A916D /* DetailsViewController.swift */ = {isa = PBXFileReference; lastKnownFileType = sourcecode.swift; path = DetailsViewController.swift; sourceTree = "<group>"; };
/* End PBXFileReference section */

/* Begin PBXFrameworksBuildPhase section */
		A16839272B650218009A916D /* Frameworks */ = {
			isa = PBXFrameworksBuildPhase;
			buildActionMask = 2147483647;
			files = (
				A16839532B655A60009A916D /* SnapKit in Frameworks */,
			);
			runOnlyForDeploymentPostprocessing = 0;
		};
/* End PBXFrameworksBuildPhase section */

/* Begin PBXGroup section */
		A16839212B650218009A916D = {
			isa = PBXGroup;
			children = (
				A168392C2B650218009A916D /* E-CommerceApp */,
				A168392B2B650218009A916D /* Products */,
			);
			sourceTree = "<group>";
		};
		A168392B2B650218009A916D /* Products */ = {
			isa = PBXGroup;
			children = (
				A168392A2B650218009A916D /* E-CommerceApp.app */,
			);
			name = Products;
			sourceTree = "<group>";
		};
		A168392C2B650218009A916D /* E-CommerceApp */ = {
			isa = PBXGroup;
			children = (
				A16839542B655A83009A916D /* extensions */,
				A168394E2B6559D5009A916D /* helper */,
				A16839492B6558CC009A916D /* model */,
				A16839462B6502A1009A916D /* recources */,
				A16839452B650295009A916D /* common */,
				A16839442B650283009A916D /* delegate */,
				A168393E2B65021A009A916D /* Info.plist */,
				A16839362B650218009A916D /* E_CommerceApp.xcdatamodeld */,
			);
			path = "E-CommerceApp";
			sourceTree = "<group>";
		};
		A16839442B650283009A916D /* delegate */ = {
			isa = PBXGroup;
			children = (
				A168392F2B650218009A916D /* SceneDelegate.swift */,
				A168392D2B650218009A916D /* AppDelegate.swift */,
			);
			path = delegate;
			sourceTree = "<group>";
		};
		A16839452B650295009A916D /* common */ = {
			isa = PBXGroup;
			children = (
				A16839472B6502F4009A916D /* ShopController.swift */,
				A16839652B682442009A916D /* DetailsViewController.swift */,
			);
			path = common;
			sourceTree = "<group>";
		};
		A16839462B6502A1009A916D /* recources */ = {
			isa = PBXGroup;
			children = (
				A16839392B65021A009A916D /* Assets.xcassets */,
				A168393B2B65021A009A916D /* LaunchScreen.storyboard */,
			);
			path = recources;
			sourceTree = "<group>";
		};
		A16839492B6558CC009A916D /* model */ = {
			isa = PBXGroup;
			children = (
				A16839572B655D77009A916D /* CategoryList.swift */,
			);
			path = model;
			sourceTree = "<group>";
		};
		A168394E2B6559D5009A916D /* helper */ = {
			isa = PBXGroup;
			children = (
				A168395F2B678A18009A916D /* MakerView.swift */,
				A168394F2B6559EB009A916D /* CustomTableViewCell.swift */,
			);
			path = helper;
			sourceTree = "<group>";
		};
		A16839542B655A83009A916D /* extensions */ = {
			isa = PBXGroup;
			children = (
				A16839552B655AA2009A916D /* UIColor.swift */,
			);
			path = extensions;
			sourceTree = "<group>";
		};
/* End PBXGroup section */

/* Begin PBXNativeTarget section */
		A16839292B650218009A916D /* E-CommerceApp */ = {
			isa = PBXNativeTarget;
			buildConfigurationList = A16839412B65021A009A916D /* Build configuration list for PBXNativeTarget "E-CommerceApp" */;
			buildPhases = (
				A16839262B650218009A916D /* Sources */,
				A16839272B650218009A916D /* Frameworks */,
				A16839282B650218009A916D /* Resources */,
			);
			buildRules = (
			);
			dependencies = (
			);
			name = "E-CommerceApp";
			packageProductDependencies = (
				A16839522B655A60009A916D /* SnapKit */,
			);
			productName = "E-CommerceApp";
			productReference = A168392A2B650218009A916D /* E-CommerceApp.app */;
			productType = "com.apple.product-type.application";
		};
/* End PBXNativeTarget section */

/* Begin PBXProject section */
		A16839222B650218009A916D /* Project object */ = {
			isa = PBXProject;
			attributes = {
				BuildIndependentTargetsInParallel = 1;
				LastSwiftUpdateCheck = 1520;
				LastUpgradeCheck = 1520;
				TargetAttributes = {
					A16839292B650218009A916D = {
						CreatedOnToolsVersion = 15.2;
					};
				};
			};
			buildConfigurationList = A16839252B650218009A916D /* Build configuration list for PBXProject "E-CommerceApp" */;
			compatibilityVersion = "Xcode 14.0";
			developmentRegion = en;
			hasScannedForEncodings = 0;
			knownRegions = (
				en,
				Base,
			);
			mainGroup = A16839212B650218009A916D;
			packageReferences = (
				A16839512B655A60009A916D /* XCRemoteSwiftPackageReference "SnapKit" */,
			);
			productRefGroup = A168392B2B650218009A916D /* Products */;
			projectDirPath = "";
			projectRoot = "";
			targets = (
				A16839292B650218009A916D /* E-CommerceApp */,
			);
		};
/* End PBXProject section */

/* Begin PBXResourcesBuildPhase section */
		A16839282B650218009A916D /* Resources */ = {
			isa = PBXResourcesBuildPhase;
			buildActionMask = 2147483647;
			files = (
				A168393D2B65021A009A916D /* LaunchScreen.storyboard in Resources */,
				A168393A2B65021A009A916D /* Assets.xcassets in Resources */,
			);
			runOnlyForDeploymentPostprocessing = 0;
		};
/* End PBXResourcesBuildPhase section */

/* Begin PBXSourcesBuildPhase section */
		A16839262B650218009A916D /* Sources */ = {
			isa = PBXSourcesBuildPhase;
			buildActionMask = 2147483647;
			files = (
				A16839602B678A18009A916D /* MakerView.swift in Sources */,
				A168392E2B650218009A916D /* AppDelegate.swift in Sources */,
				A16839382B650218009A916D /* E_CommerceApp.xcdatamodeld in Sources */,
				A16839662B682442009A916D /* DetailsViewController.swift in Sources */,
				A16839502B6559EB009A916D /* CustomTableViewCell.swift in Sources */,
				A16839302B650218009A916D /* SceneDelegate.swift in Sources */,
				A16839562B655AA2009A916D /* UIColor.swift in Sources */,
				A16839482B6502F4009A916D /* ShopController.swift in Sources */,
				A16839582B655D77009A916D /* CategoryList.swift in Sources */,
			);
			runOnlyForDeploymentPostprocessing = 0;
		};
/* End PBXSourcesBuildPhase section */

/* Begin PBXVariantGroup section */
		A168393B2B65021A009A916D /* LaunchScreen.storyboard */ = {
			isa = PBXVariantGroup;
			children = (
				A168393C2B65021A009A916D /* Base */,
			);
			name = LaunchScreen.storyboard;
			sourceTree = "<group>";
		};
/* End PBXVariantGroup section */

/* Begin XCBuildConfiguration section */
		A168393F2B65021A009A916D /* Debug */ = {
			isa = XCBuildConfiguration;
			buildSettings = {
				ALWAYS_SEARCH_USER_PATHS = NO;
				ASSETCATALOG_COMPILER_GENERATE_SWIFT_ASSET_SYMBOL_EXTENSIONS = YES;
				CLANG_ANALYZER_NONNULL = YES;
				CLANG_ANALYZER_NUMBER_OBJECT_CONVERSION = YES_AGGRESSIVE;
				CLANG_CXX_LANGUAGE_STANDARD = "gnu++20";
				CLANG_ENABLE_MODULES = YES;
				CLANG_ENABLE_OBJC_ARC = YES;
				CLANG_ENABLE_OBJC_WEAK = YES;
				CLANG_WARN_BLOCK_CAPTURE_AUTORELEASING = YES;
				CLANG_WARN_BOOL_CONVERSION = YES;
				CLANG_WARN_COMMA = YES;
				CLANG_WARN_CONSTANT_CONVERSION = YES;
				CLANG_WARN_DEPRECATED_OBJC_IMPLEMENTATIONS = YES;
				CLANG_WARN_DIRECT_OBJC_ISA_USAGE = YES_ERROR;
				CLANG_WARN_DOCUMENTATION_COMMENTS = YES;
				CLANG_WARN_EMPTY_BODY = YES;
				CLANG_WARN_ENUM_CONVERSION = YES;
				CLANG_WARN_INFINITE_RECURSION = YES;
				CLANG_WARN_INT_CONVERSION = YES;
				CLANG_WARN_NON_LITERAL_NULL_CONVERSION = YES;
				CLANG_WARN_OBJC_IMPLICIT_RETAIN_SELF = YES;
				CLANG_WARN_OBJC_LITERAL_CONVERSION = YES;
				CLANG_WARN_OBJC_ROOT_CLASS = YES_ERROR;
				CLANG_WARN_QUOTED_INCLUDE_IN_FRAMEWORK_HEADER = YES;
				CLANG_WARN_RANGE_LOOP_ANALYSIS = YES;
				CLANG_WARN_STRICT_PROTOTYPES = YES;
				CLANG_WARN_SUSPICIOUS_MOVE = YES;
				CLANG_WARN_UNGUARDED_AVAILABILITY = YES_AGGRESSIVE;
				CLANG_WARN_UNREACHABLE_CODE = YES;
				CLANG_WARN__DUPLICATE_METHOD_MATCH = YES;
				COPY_PHASE_STRIP = NO;
				DEBUG_INFORMATION_FORMAT = dwarf;
				ENABLE_STRICT_OBJC_MSGSEND = YES;
				ENABLE_TESTABILITY = YES;
				ENABLE_USER_SCRIPT_SANDBOXING = YES;
				GCC_C_LANGUAGE_STANDARD = gnu17;
				GCC_DYNAMIC_NO_PIC = NO;
				GCC_NO_COMMON_BLOCKS = YES;
				GCC_OPTIMIZATION_LEVEL = 0;
				GCC_PREPROCESSOR_DEFINITIONS = (
					"DEBUG=1",
					"$(inherited)",
				);
				GCC_WARN_64_TO_32_BIT_CONVERSION = YES;
				GCC_WARN_ABOUT_RETURN_TYPE = YES_ERROR;
				GCC_WARN_UNDECLARED_SELECTOR = YES;
				GCC_WARN_UNINITIALIZED_AUTOS = YES_AGGRESSIVE;
				GCC_WARN_UNUSED_FUNCTION = YES;
				GCC_WARN_UNUSED_VARIABLE = YES;
				IPHONEOS_DEPLOYMENT_TARGET = 17.2;
				LOCALIZATION_PREFERS_STRING_CATALOGS = YES;
				MTL_ENABLE_DEBUG_INFO = INCLUDE_SOURCE;
				MTL_FAST_MATH = YES;
				ONLY_ACTIVE_ARCH = YES;
				SDKROOT = iphoneos;
				SWIFT_ACTIVE_COMPILATION_CONDITIONS = "DEBUG $(inherited)";
				SWIFT_OPTIMIZATION_LEVEL = "-Onone";
			};
			name = Debug;
		};
		A16839402B65021A009A916D /* Release */ = {
			isa = XCBuildConfiguration;
			buildSettings = {
				ALWAYS_SEARCH_USER_PATHS = NO;
				ASSETCATALOG_COMPILER_GENERATE_SWIFT_ASSET_SYMBOL_EXTENSIONS = YES;
				CLANG_ANALYZER_NONNULL = YES;
				CLANG_ANALYZER_NUMBER_OBJECT_CONVERSION = YES_AGGRESSIVE;
				CLANG_CXX_LANGUAGE_STANDARD = "gnu++20";
				CLANG_ENABLE_MODULES = YES;
				CLANG_ENABLE_OBJC_ARC = YES;
				CLANG_ENABLE_OBJC_WEAK = YES;
				CLANG_WARN_BLOCK_CAPTURE_AUTORELEASING = YES;
				CLANG_WARN_BOOL_CONVERSION = YES;
				CLANG_WARN_COMMA = YES;
				CLANG_WARN_CONSTANT_CONVERSION = YES;
				CLANG_WARN_DEPRECATED_OBJC_IMPLEMENTATIONS = YES;
				CLANG_WARN_DIRECT_OBJC_ISA_USAGE = YES_ERROR;
				CLANG_WARN_DOCUMENTATION_COMMENTS = YES;
				CLANG_WARN_EMPTY_BODY = YES;
				CLANG_WARN_ENUM_CONVERSION = YES;
				CLANG_WARN_INFINITE_RECURSION = YES;
				CLANG_WARN_INT_CONVERSION = YES;
				CLANG_WARN_NON_LITERAL_NULL_CONVERSION = YES;
				CLANG_WARN_OBJC_IMPLICIT_RETAIN_SELF = YES;
				CLANG_WARN_OBJC_LITERAL_CONVERSION = YES;
				CLANG_WARN_OBJC_ROOT_CLASS = YES_ERROR;
				CLANG_WARN_QUOTED_INCLUDE_IN_FRAMEWORK_HEADER = YES;
				CLANG_WARN_RANGE_LOOP_ANALYSIS = YES;
				CLANG_WARN_STRICT_PROTOTYPES = YES;
				CLANG_WARN_SUSPICIOUS_MOVE = YES;
				CLANG_WARN_UNGUARDED_AVAILABILITY = YES_AGGRESSIVE;
				CLANG_WARN_UNREACHABLE_CODE = YES;
				CLANG_WARN__DUPLICATE_METHOD_MATCH = YES;
				COPY_PHASE_STRIP = NO;
				DEBUG_INFORMATION_FORMAT = "dwarf-with-dsym";
				ENABLE_NS_ASSERTIONS = NO;
				ENABLE_STRICT_OBJC_MSGSEND = YES;
				ENABLE_USER_SCRIPT_SANDBOXING = YES;
				GCC_C_LANGUAGE_STANDARD = gnu17;
				GCC_NO_COMMON_BLOCKS = YES;
				GCC_WARN_64_TO_32_BIT_CONVERSION = YES;
				GCC_WARN_ABOUT_RETURN_TYPE = YES_ERROR;
				GCC_WARN_UNDECLARED_SELECTOR = YES;
				GCC_WARN_UNINITIALIZED_AUTOS = YES_AGGRESSIVE;
				GCC_WARN_UNUSED_FUNCTION = YES;
				GCC_WARN_UNUSED_VARIABLE = YES;
				IPHONEOS_DEPLOYMENT_TARGET = 17.2;
				LOCALIZATION_PREFERS_STRING_CATALOGS = YES;
				MTL_ENABLE_DEBUG_INFO = NO;
				MTL_FAST_MATH = YES;
				SDKROOT = iphoneos;
				SWIFT_COMPILATION_MODE = wholemodule;
				VALIDATE_PRODUCT = YES;
			};
			name = Release;
		};
		A16839422B65021A009A916D /* Debug */ = {
			isa = XCBuildConfiguration;
			buildSettings = {
				ASSETCATALOG_COMPILER_APPICON_NAME = AppIcon;
				ASSETCATALOG_COMPILER_GLOBAL_ACCENT_COLOR_NAME = AccentColor;
				CODE_SIGN_STYLE = Automatic;
				CURRENT_PROJECT_VERSION = 1;
				DEVELOPMENT_TEAM = LH7FMGZ75D;
				GENERATE_INFOPLIST_FILE = YES;
				INFOPLIST_FILE = "E-CommerceApp/Info.plist";
				INFOPLIST_KEY_UIApplicationSupportsIndirectInputEvents = YES;
				INFOPLIST_KEY_UILaunchStoryboardName = LaunchScreen;
				INFOPLIST_KEY_UISupportedInterfaceOrientations_iPad = "UIInterfaceOrientationPortrait UIInterfaceOrientationPortraitUpsideDown UIInterfaceOrientationLandscapeLeft UIInterfaceOrientationLandscapeRight";
				INFOPLIST_KEY_UISupportedInterfaceOrientations_iPhone = "UIInterfaceOrientationPortrait UIInterfaceOrientationLandscapeLeft UIInterfaceOrientationLandscapeRight";
				LD_RUNPATH_SEARCH_PATHS = (
					"$(inherited)",
					"@executable_path/Frameworks",
				);
				MARKETING_VERSION = 1.0;
				PRODUCT_BUNDLE_IDENTIFIER = "com.aruu.E-CommerceApp";
				PRODUCT_NAME = "$(TARGET_NAME)";
				SWIFT_EMIT_LOC_STRINGS = YES;
				SWIFT_VERSION = 5.0;
				TARGETED_DEVICE_FAMILY = "1,2";
			};
			name = Debug;
		};
		A16839432B65021A009A916D /* Release */ = {
			isa = XCBuildConfiguration;
			buildSettings = {
				ASSETCATALOG_COMPILER_APPICON_NAME = AppIcon;
				ASSETCATALOG_COMPILER_GLOBAL_ACCENT_COLOR_NAME = AccentColor;
				CODE_SIGN_STYLE = Automatic;
				CURRENT_PROJECT_VERSION = 1;
				DEVELOPMENT_TEAM = LH7FMGZ75D;
				GENERATE_INFOPLIST_FILE = YES;
				INFOPLIST_FILE = "E-CommerceApp/Info.plist";
				INFOPLIST_KEY_UIApplicationSupportsIndirectInputEvents = YES;
				INFOPLIST_KEY_UILaunchStoryboardName = LaunchScreen;
				INFOPLIST_KEY_UISupportedInterfaceOrientations_iPad = "UIInterfaceOrientationPortrait UIInterfaceOrientationPortraitUpsideDown UIInterfaceOrientationLandscapeLeft UIInterfaceOrientationLandscapeRight";
				INFOPLIST_KEY_UISupportedInterfaceOrientations_iPhone = "UIInterfaceOrientationPortrait UIInterfaceOrientationLandscapeLeft UIInterfaceOrientationLandscapeRight";
				LD_RUNPATH_SEARCH_PATHS = (
					"$(inherited)",
					"@executable_path/Frameworks",
				);
				MARKETING_VERSION = 1.0;
				PRODUCT_BUNDLE_IDENTIFIER = "com.aruu.E-CommerceApp";
				PRODUCT_NAME = "$(TARGET_NAME)";
				SWIFT_EMIT_LOC_STRINGS = YES;
				SWIFT_VERSION = 5.0;
				TARGETED_DEVICE_FAMILY = "1,2";
			};
			name = Release;
		};
/* End XCBuildConfiguration section */

/* Begin XCConfigurationList section */
		A16839252B650218009A916D /* Build configuration list for PBXProject "E-CommerceApp" */ = {
			isa = XCConfigurationList;
			buildConfigurations = (
				A168393F2B65021A009A916D /* Debug */,
				A16839402B65021A009A916D /* Release */,
			);
			defaultConfigurationIsVisible = 0;
			defaultConfigurationName = Release;
		};
		A16839412B65021A009A916D /* Build configuration list for PBXNativeTarget "E-CommerceApp" */ = {
			isa = XCConfigurationList;
			buildConfigurations = (
				A16839422B65021A009A916D /* Debug */,
				A16839432B65021A009A916D /* Release */,
			);
			defaultConfigurationIsVisible = 0;
			defaultConfigurationName = Release;
		};
/* End XCConfigurationList section */

/* Begin XCRemoteSwiftPackageReference section */
		A16839512B655A60009A916D /* XCRemoteSwiftPackageReference "SnapKit" */ = {
			isa = XCRemoteSwiftPackageReference;
			repositoryURL = "https://github.com/SnapKit/SnapKit.git";
			requirement = {
				kind = upToNextMajorVersion;
				minimumVersion = 5.7.0;
			};
		};
/* End XCRemoteSwiftPackageReference section */

/* Begin XCSwiftPackageProductDependency section */
		A16839522B655A60009A916D /* SnapKit */ = {
			isa = XCSwiftPackageProductDependency;
			package = A16839512B655A60009A916D /* XCRemoteSwiftPackageReference "SnapKit" */;
			productName = SnapKit;
		};
/* End XCSwiftPackageProductDependency section */

/* Begin XCVersionGroup section */
		A16839362B650218009A916D /* E_CommerceApp.xcdatamodeld */ = {
			isa = XCVersionGroup;
			children = (
				A16839372B650218009A916D /* E_CommerceApp.xcdatamodel */,
			);
			currentVersion = A16839372B650218009A916D /* E_CommerceApp.xcdatamodel */;
			path = E_CommerceApp.xcdatamodeld;
			sourceTree = "<group>";
			versionGroupType = wrapper.xcdatamodel;
		};
/* End XCVersionGroup section */
	};
	rootObject = A16839222B650218009A916D /* Project object */;
}
